
Microsoft Visual Studio Solution File, Format Version 12.00
# Visual Studio Version 16
VisualStudioVersion = 16.0.31613.86
MinimumVisualStudioVersion = 10.0.40219.1
Project("{FAE04EC0-301F-11D3-BF4B-00C04F79EFBC}") = "HW10Project1", "HW10Project1\HW10Project1.csproj", "{1F540EF5-53F3-47A8-9D6B-FB9090A44C25}"
EndProject
Global
	GlobalSection(SolutionConfigurationPlatforms) = preSolution
		Debug|Any CPU = Debug|Any CPU
		Release|Any CPU = Release|Any CPU
	EndGlobalSection
	GlobalSection(ProjectConfigurationPlatforms) = postSolution
		{1F540EF5-53F3-47A8-9D6B-FB9090A44C25}.Debug|Any CPU.ActiveCfg = Debug|Any CPU
		{1F540EF5-53F3-47A8-9D6B-FB9090A44C25}.Debug|Any CPU.Build.0 = Debug|Any CPU
		{1F540EF5-53F3-47A8-9D6B-FB9090A44C25}.Release|Any CPU.ActiveCfg = Release|Any CPU
		{1F540EF5-53F3-47A8-9D6B-FB9090A44C25}.Release|Any CPU.Build.0 = Release|Any CPU
	EndGlobalSection
	GlobalSection(SolutionProperties) = preSolution
		HideSolutionNode = FALSE
	EndGlobalSection
	GlobalSection(ExtensibilityGlobals) = postSolution
		SolutionGuid = {2378253F-5736-490C-B742-B7D7E20D1A59}
	EndGlobalSection
EndGlobal
